{
  "name": "lv-private-video",
  "version": "1.0.0",
  "lockfileVersion": 3,
  "requires": true,
  "packages": {
    "": {
      "name": "lv-private-video",
      "version": "1.0.0",
      "dependencies": {
        "hls.js": "1.7.0"
      },
      "engines": {
        "node": ">=22.5"
      }
    },
    "node_modules/hls.js": {
      "version": "1.7.0",
      "resolved": "https://registry.npmjs.org/hls.js/-/hls.js-1.7.0.tgz",
      "integrity": "sha512-NnQpT6Z//+2IB2qovSUbKbrlXY1MOpi0JynZ9L2NNOuTJiNCyMSQj9k2laEj1v7CxU/Hb8oTWR98eT3mVpPQVQ==",
      "license": "Apache-2.0"
    }
  }
}
